
Microsoft Visual Studio Solution File, Format Version 11.00
# Visual Studio 2010
Project("{888888A0-9F3D-457C-B088-3A5042F75D52}") = "GetForecast", "GetForecast\GetForecast.pyproj", "{46516455-9701-47C5-BB5D-3145672DAD7D}"
EndProject
Global
	GlobalSection(SolutionConfigurationPlatforms) = preSolution
		Debug|Any CPU = Debug|Any CPU
		Release|Any CPU = Release|Any CPU
	EndGlobalSection
	GlobalSection(ProjectConfigurationPlatforms) = postSolution
		{46516455-9701-47C5-BB5D-3145672DAD7D}.Debug|Any CPU.ActiveCfg = Debug|Any CPU
		{46516455-9701-47C5-BB5D-3145672DAD7D}.Debug|Any CPU.Build.0 = Debug|Any CPU
		{46516455-9701-47C5-BB5D-3145672DAD7D}.Release|Any CPU.ActiveCfg = Release|Any CPU
		{46516455-9701-47C5-BB5D-3145672DAD7D}.Release|Any CPU.Build.0 = Release|Any CPU
	EndGlobalSection
	GlobalSection(SolutionProperties) = preSolution
		HideSolutionNode = FALSE
	EndGlobalSection
EndGlobal
